
Microsoft Visual Studio Solution File, Format Version 12.00
# Visual Studio Version 16
VisualStudioVersion = 16.0.31019.35
MinimumVisualStudioVersion = 10.0.40219.1
Project("{FAE04EC0-301F-11D3-BF4B-00C04F79EFBC}") = "Tickets.Api", "Tickets.Api\Tickets.Api.csproj", "{6CEAE15D-3CD9-4C5F-8E18-80EB569B3950}"
EndProject
Project("{FAE04EC0-301F-11D3-BF4B-00C04F79EFBC}") = "Tickets.Core", "Tickets.Core\Tickets.Core.csproj", "{1F31DED1-1AA4-444D-BAEA-7DB278F78CC1}"
EndProject
Global
	GlobalSection(SolutionConfigurationPlatforms) = preSolution
		Debug|Any CPU = Debug|Any CPU
		Release|Any CPU = Release|Any CPU
	EndGlobalSection
	GlobalSection(ProjectConfigurationPlatforms) = postSolution
		{6CEAE15D-3CD9-4C5F-8E18-80EB569B3950}.Debug|Any CPU.ActiveCfg = Debug|Any CPU
		{6CEAE15D-3CD9-4C5F-8E18-80EB569B3950}.Debug|Any CPU.Build.0 = Debug|Any CPU
		{6CEAE15D-3CD9-4C5F-8E18-80EB569B3950}.Release|Any CPU.ActiveCfg = Release|Any CPU
		{6CEAE15D-3CD9-4C5F-8E18-80EB569B3950}.Release|Any CPU.Build.0 = Release|Any CPU
		{1F31DED1-1AA4-444D-BAEA-7DB278F78CC1}.Debug|Any CPU.ActiveCfg = Debug|Any CPU
		{1F31DED1-1AA4-444D-BAEA-7DB278F78CC1}.Debug|Any CPU.Build.0 = Debug|Any CPU
		{1F31DED1-1AA4-444D-BAEA-7DB278F78CC1}.Release|Any CPU.ActiveCfg = Release|Any CPU
		{1F31DED1-1AA4-444D-BAEA-7DB278F78CC1}.Release|Any CPU.Build.0 = Release|Any CPU
	EndGlobalSection
	GlobalSection(SolutionProperties) = preSolution
		HideSolutionNode = FALSE
	EndGlobalSection
	GlobalSection(ExtensibilityGlobals) = postSolution
		SolutionGuid = {FAD9F674-8FA3-4D8A-8E4F-034D9AEA6F38}
	EndGlobalSection
EndGlobal
